
Microsoft Visual Studio Solution File, Format Version 12.00
# Visual Studio 14
VisualStudioVersion = 14.0.23107.0
MinimumVisualStudioVersion = 10.0.40219.1
Project("{9092AA53-FB77-4645-B42D-1CCCA6BD08BD}") = "WebbleWorldServer", "serverside\WebbleWorldServer.njsproj", "{B2C81E86-4183-4F12-88CA-F96667C54A7E}"
EndProject
Project("{9092AA53-FB77-4645-B42D-1CCCA6BD08BD}") = "WebbleWorldApp", "app\WebbleWorldApp.njsproj", "{4AC5CC98-D268-444B-B442-DD9585A6F09D}"
EndProject
Project("{9092AA53-FB77-4645-B42D-1CCCA6BD08BD}") = "Setup", "setup\Setup.njsproj", "{B6B80904-5547-4050-9D07-AA3EDAA9634A}"
EndProject
Global
	GlobalSection(SolutionConfigurationPlatforms) = preSolution
		Debug|Any CPU = Debug|Any CPU
		Release|Any CPU = Release|Any CPU
	EndGlobalSection
	GlobalSection(ProjectConfigurationPlatforms) = postSolution
		{B2C81E86-4183-4F12-88CA-F96667C54A7E}.Debug|Any CPU.ActiveCfg = Debug|Any CPU
		{B2C81E86-4183-4F12-88CA-F96667C54A7E}.Debug|Any CPU.Build.0 = Debug|Any CPU
		{B2C81E86-4183-4F12-88CA-F96667C54A7E}.Release|Any CPU.ActiveCfg = Release|Any CPU
		{B2C81E86-4183-4F12-88CA-F96667C54A7E}.Release|Any CPU.Build.0 = Release|Any CPU
		{4AC5CC98-D268-444B-B442-DD9585A6F09D}.Debug|Any CPU.ActiveCfg = Debug|Any CPU
		{4AC5CC98-D268-444B-B442-DD9585A6F09D}.Debug|Any CPU.Build.0 = Debug|Any CPU
		{4AC5CC98-D268-444B-B442-DD9585A6F09D}.Release|Any CPU.ActiveCfg = Release|Any CPU
		{4AC5CC98-D268-444B-B442-DD9585A6F09D}.Release|Any CPU.Build.0 = Release|Any CPU
		{B6B80904-5547-4050-9D07-AA3EDAA9634A}.Debug|Any CPU.ActiveCfg = Debug|Any CPU
		{B6B80904-5547-4050-9D07-AA3EDAA9634A}.Debug|Any CPU.Build.0 = Debug|Any CPU
		{B6B80904-5547-4050-9D07-AA3EDAA9634A}.Release|Any CPU.ActiveCfg = Release|Any CPU
		{B6B80904-5547-4050-9D07-AA3EDAA9634A}.Release|Any CPU.Build.0 = Release|Any CPU
	EndGlobalSection
	GlobalSection(SolutionProperties) = preSolution
		HideSolutionNode = FALSE
	EndGlobalSection
EndGlobal
